
Microsoft Visual Studio Solution File, Format Version 12.00
# Visual Studio Version 16
VisualStudioVersion = 16.0.32407.337
MinimumVisualStudioVersion = 10.0.40219.1
Project("{9A19103F-16F7-4668-BE54-9A1E7A4F7556}") = "BasicKnowledge", "BasicKnowledge\BasicKnowledge.csproj", "{1C77B7C2-9C67-48AE-8079-5D7DB8B3E9A3}"
EndProject
Project("{9A19103F-16F7-4668-BE54-9A1E7A4F7556}") = "OOP", "OOP\OOP.csproj", "{5F9FB3FF-D499-4BCE-81E3-E484DEA266B2}"
EndProject
Project("{9A19103F-16F7-4668-BE54-9A1E7A4F7556}") = "Function", "Function\Function.csproj", "{D2967B8C-0396-439E-B41E-AEC42BC87B7C}"
EndProject
Project("{9A19103F-16F7-4668-BE54-9A1E7A4F7556}") = "String", "String\String.csproj", "{90E7EB59-EB22-4AD8-9ECE-7D1AFDE4BC15}"
EndProject
Project("{9A19103F-16F7-4668-BE54-9A1E7A4F7556}") = "RegularExpression", "RegularExpression\RegularExpression.csproj", "{D713D14E-368E-400C-9775-D4836C2C6565}"
EndProject
Project("{9A19103F-16F7-4668-BE54-9A1E7A4F7556}") = "Delegate", "Delegate\Delegate.csproj", "{78C99AF7-0015-4C74-8E95-E77874E93D4C}"
EndProject
Project("{9A19103F-16F7-4668-BE54-9A1E7A4F7556}") = "经典算法", "算法\经典算法.csproj", "{30F2A1C3-F74F-45DD-83D4-ADB8E7AEF735}"
EndProject
Project("{9A19103F-16F7-4668-BE54-9A1E7A4F7556}") = "ConfigurationFile", "ConfigurationFile\ConfigurationFile.csproj", "{F46B3741-ED83-449D-BEA0-9A95A943F5CB}"
EndProject
Project("{9A19103F-16F7-4668-BE54-9A1E7A4F7556}") = "JSON操作", "JSON操作\JSON操作.csproj", "{5327C62B-D525-43C2-9F37-A46E61630217}"
EndProject
Project("{9A19103F-16F7-4668-BE54-9A1E7A4F7556}") = "XML操作", "XML操作\XML操作.csproj", "{366933A9-F97E-4504-B20C-FB32C46E3FCA}"
EndProject
Project("{9A19103F-16F7-4668-BE54-9A1E7A4F7556}") = "文件流操作", "文件流操作\文件流操作.csproj", "{8F2AAE2F-604D-4749-89DB-676068BDB09B}"
EndProject
Project("{9A19103F-16F7-4668-BE54-9A1E7A4F7556}") = "Lambda表达式和匿名方法", "Lambda表达式和匿名方法\Lambda表达式和匿名方法.csproj", "{7E7FA60D-3D29-4662-AE0D-D60951C98B00}"
EndProject
Global
	GlobalSection(SolutionConfigurationPlatforms) = preSolution
		Debug|Any CPU = Debug|Any CPU
		Release|Any CPU = Release|Any CPU
	EndGlobalSection
	GlobalSection(ProjectConfigurationPlatforms) = postSolution
		{1C77B7C2-9C67-48AE-8079-5D7DB8B3E9A3}.Debug|Any CPU.ActiveCfg = Debug|Any CPU
		{1C77B7C2-9C67-48AE-8079-5D7DB8B3E9A3}.Debug|Any CPU.Build.0 = Debug|Any CPU
		{1C77B7C2-9C67-48AE-8079-5D7DB8B3E9A3}.Release|Any CPU.ActiveCfg = Release|Any CPU
		{1C77B7C2-9C67-48AE-8079-5D7DB8B3E9A3}.Release|Any CPU.Build.0 = Release|Any CPU
		{5F9FB3FF-D499-4BCE-81E3-E484DEA266B2}.Debug|Any CPU.ActiveCfg = Debug|Any CPU
		{5F9FB3FF-D499-4BCE-81E3-E484DEA266B2}.Debug|Any CPU.Build.0 = Debug|Any CPU
		{5F9FB3FF-D499-4BCE-81E3-E484DEA266B2}.Release|Any CPU.ActiveCfg = Release|Any CPU
		{5F9FB3FF-D499-4BCE-81E3-E484DEA266B2}.Release|Any CPU.Build.0 = Release|Any CPU
		{D2967B8C-0396-439E-B41E-AEC42BC87B7C}.Debug|Any CPU.ActiveCfg = Debug|Any CPU
		{D2967B8C-0396-439E-B41E-AEC42BC87B7C}.Debug|Any CPU.Build.0 = Debug|Any CPU
		{D2967B8C-0396-439E-B41E-AEC42BC87B7C}.Release|Any CPU.ActiveCfg = Release|Any CPU
		{D2967B8C-0396-439E-B41E-AEC42BC87B7C}.Release|Any CPU.Build.0 = Release|Any CPU
		{90E7EB59-EB22-4AD8-9ECE-7D1AFDE4BC15}.Debug|Any CPU.ActiveCfg = Debug|Any CPU
		{90E7EB59-EB22-4AD8-9ECE-7D1AFDE4BC15}.Debug|Any CPU.Build.0 = Debug|Any CPU
		{90E7EB59-EB22-4AD8-9ECE-7D1AFDE4BC15}.Release|Any CPU.ActiveCfg = Release|Any CPU
		{90E7EB59-EB22-4AD8-9ECE-7D1AFDE4BC15}.Release|Any CPU.Build.0 = Release|Any CPU
		{D713D14E-368E-400C-9775-D4836C2C6565}.Debug|Any CPU.ActiveCfg = Debug|Any CPU
		{D713D14E-368E-400C-9775-D4836C2C6565}.Debug|Any CPU.Build.0 = Debug|Any CPU
		{D713D14E-368E-400C-9775-D4836C2C6565}.Release|Any CPU.ActiveCfg = Release|Any CPU
		{D713D14E-368E-400C-9775-D4836C2C6565}.Release|Any CPU.Build.0 = Release|Any CPU
		{78C99AF7-0015-4C74-8E95-E77874E93D4C}.Debug|Any CPU.ActiveCfg = Debug|Any CPU
		{78C99AF7-0015-4C74-8E95-E77874E93D4C}.Debug|Any CPU.Build.0 = Debug|Any CPU
		{78C99AF7-0015-4C74-8E95-E77874E93D4C}.Release|Any CPU.ActiveCfg = Release|Any CPU
		{78C99AF7-0015-4C74-8E95-E77874E93D4C}.Release|Any CPU.Build.0 = Release|Any CPU
		{30F2A1C3-F74F-45DD-83D4-ADB8E7AEF735}.Debug|Any CPU.ActiveCfg = Debug|Any CPU
		{30F2A1C3-F74F-45DD-83D4-ADB8E7AEF735}.Debug|Any CPU.Build.0 = Debug|Any CPU
		{30F2A1C3-F74F-45DD-83D4-ADB8E7AEF735}.Release|Any CPU.ActiveCfg = Release|Any CPU
		{30F2A1C3-F74F-45DD-83D4-ADB8E7AEF735}.Release|Any CPU.Build.0 = Release|Any CPU
		{F46B3741-ED83-449D-BEA0-9A95A943F5CB}.Debug|Any CPU.ActiveCfg = Debug|Any CPU
		{F46B3741-ED83-449D-BEA0-9A95A943F5CB}.Debug|Any CPU.Build.0 = Debug|Any CPU
		{F46B3741-ED83-449D-BEA0-9A95A943F5CB}.Release|Any CPU.ActiveCfg = Release|Any CPU
		{F46B3741-ED83-449D-BEA0-9A95A943F5CB}.Release|Any CPU.Build.0 = Release|Any CPU
		{5327C62B-D525-43C2-9F37-A46E61630217}.Debug|Any CPU.ActiveCfg = Debug|Any CPU
		{5327C62B-D525-43C2-9F37-A46E61630217}.Debug|Any CPU.Build.0 = Debug|Any CPU
		{5327C62B-D525-43C2-9F37-A46E61630217}.Release|Any CPU.ActiveCfg = Release|Any CPU
		{5327C62B-D525-43C2-9F37-A46E61630217}.Release|Any CPU.Build.0 = Release|Any CPU
		{366933A9-F97E-4504-B20C-FB32C46E3FCA}.Debug|Any CPU.ActiveCfg = Debug|Any CPU
		{366933A9-F97E-4504-B20C-FB32C46E3FCA}.Debug|Any CPU.Build.0 = Debug|Any CPU
		{366933A9-F97E-4504-B20C-FB32C46E3FCA}.Release|Any CPU.ActiveCfg = Release|Any CPU
		{366933A9-F97E-4504-B20C-FB32C46E3FCA}.Release|Any CPU.Build.0 = Release|Any CPU
		{8F2AAE2F-604D-4749-89DB-676068BDB09B}.Debug|Any CPU.ActiveCfg = Debug|Any CPU
		{8F2AAE2F-604D-4749-89DB-676068BDB09B}.Debug|Any CPU.Build.0 = Debug|Any CPU
		{8F2AAE2F-604D-4749-89DB-676068BDB09B}.Release|Any CPU.ActiveCfg = Release|Any CPU
		{8F2AAE2F-604D-4749-89DB-676068BDB09B}.Release|Any CPU.Build.0 = Release|Any CPU
		{7E7FA60D-3D29-4662-AE0D-D60951C98B00}.Debug|Any CPU.ActiveCfg = Debug|Any CPU
		{7E7FA60D-3D29-4662-AE0D-D60951C98B00}.Debug|Any CPU.Build.0 = Debug|Any CPU
		{7E7FA60D-3D29-4662-AE0D-D60951C98B00}.Release|Any CPU.ActiveCfg = Release|Any CPU
		{7E7FA60D-3D29-4662-AE0D-D60951C98B00}.Release|Any CPU.Build.0 = Release|Any CPU
		{41E48EF3-1691-4C7C-815E-67FCD6A34486}.Debug|Any CPU.ActiveCfg = Debug|Any CPU
		{41E48EF3-1691-4C7C-815E-67FCD6A34486}.Debug|Any CPU.Build.0 = Debug|Any CPU
		{41E48EF3-1691-4C7C-815E-67FCD6A34486}.Release|Any CPU.ActiveCfg = Release|Any CPU
		{41E48EF3-1691-4C7C-815E-67FCD6A34486}.Release|Any CPU.Build.0 = Release|Any CPU
	EndGlobalSection
	GlobalSection(SolutionProperties) = preSolution
		HideSolutionNode = FALSE
	EndGlobalSection
	GlobalSection(ExtensibilityGlobals) = postSolution
		SolutionGuid = {33B453AC-12D6-454E-B11E-8A23F49E3408}
	EndGlobalSection
EndGlobal
