
Microsoft Visual Studio Solution File, Format Version 12.00
# Visual Studio Version 16
VisualStudioVersion = 16.0.32407.337
MinimumVisualStudioVersion = 10.0.40219.1
Project("{9A19103F-16F7-4668-BE54-9A1E7A4F7556}") = "BasicKnowledge", "BasicKnowledge\BasicKnowledge.csproj", "{1C77B7C2-9C67-48AE-8079-5D7DB8B3E9A3}"
EndProject
Project("{9A19103F-16F7-4668-BE54-9A1E7A4F7556}") = "OOP", "OOP\OOP.csproj", "{5F9FB3FF-D499-4BCE-81E3-E484DEA266B2}"
EndProject
Project("{FAE04EC0-301F-11D3-BF4B-00C04F79EFBC}") = "Function", "Function\Function.csproj", "{D2967B8C-0396-439E-B41E-AEC42BC87B7C}"
EndProject
Global
	GlobalSection(SolutionConfigurationPlatforms) = preSolution
		Debug|Any CPU = Debug|Any CPU
		Release|Any CPU = Release|Any CPU
	EndGlobalSection
	GlobalSection(ProjectConfigurationPlatforms) = postSolution
		{1C77B7C2-9C67-48AE-8079-5D7DB8B3E9A3}.Debug|Any CPU.ActiveCfg = Debug|Any CPU
		{1C77B7C2-9C67-48AE-8079-5D7DB8B3E9A3}.Debug|Any CPU.Build.0 = Debug|Any CPU
		{1C77B7C2-9C67-48AE-8079-5D7DB8B3E9A3}.Release|Any CPU.ActiveCfg = Release|Any CPU
		{1C77B7C2-9C67-48AE-8079-5D7DB8B3E9A3}.Release|Any CPU.Build.0 = Release|Any CPU
		{5F9FB3FF-D499-4BCE-81E3-E484DEA266B2}.Debug|Any CPU.ActiveCfg = Debug|Any CPU
		{5F9FB3FF-D499-4BCE-81E3-E484DEA266B2}.Debug|Any CPU.Build.0 = Debug|Any CPU
		{5F9FB3FF-D499-4BCE-81E3-E484DEA266B2}.Release|Any CPU.ActiveCfg = Release|Any CPU
		{5F9FB3FF-D499-4BCE-81E3-E484DEA266B2}.Release|Any CPU.Build.0 = Release|Any CPU
		{D2967B8C-0396-439E-B41E-AEC42BC87B7C}.Debug|Any CPU.ActiveCfg = Debug|Any CPU
		{D2967B8C-0396-439E-B41E-AEC42BC87B7C}.Debug|Any CPU.Build.0 = Debug|Any CPU
		{D2967B8C-0396-439E-B41E-AEC42BC87B7C}.Release|Any CPU.ActiveCfg = Release|Any CPU
		{D2967B8C-0396-439E-B41E-AEC42BC87B7C}.Release|Any CPU.Build.0 = Release|Any CPU
	EndGlobalSection
	GlobalSection(SolutionProperties) = preSolution
		HideSolutionNode = FALSE
	EndGlobalSection
	GlobalSection(ExtensibilityGlobals) = postSolution
		SolutionGuid = {33B453AC-12D6-454E-B11E-8A23F49E3408}
	EndGlobalSection
EndGlobal
